
Microsoft Visual Studio Solution File, Format Version 12.00
# Visual Studio Version 16
VisualStudioVersion = 16.0.31613.86
MinimumVisualStudioVersion = 10.0.40219.1
Project("{FAE04EC0-301F-11D3-BF4B-00C04F79EFBC}") = "BankLibrary", "BankLibrary\BankLibrary.csproj", "{5DB48FF7-B2F1-4EC5-8BD4-85E711884ACF}"
EndProject
Project("{FAE04EC0-301F-11D3-BF4B-00C04F79EFBC}") = "BankLibrary.tests", "BankLibrary.tests\BankLibrary.tests.csproj", "{97E64476-4F08-4A4C-81BF-557A5E5354A9}"
EndProject
Global
	GlobalSection(SolutionConfigurationPlatforms) = preSolution
		Debug|Any CPU = Debug|Any CPU
		Release|Any CPU = Release|Any CPU
	EndGlobalSection
	GlobalSection(ProjectConfigurationPlatforms) = postSolution
		{5DB48FF7-B2F1-4EC5-8BD4-85E711884ACF}.Debug|Any CPU.ActiveCfg = Debug|Any CPU
		{5DB48FF7-B2F1-4EC5-8BD4-85E711884ACF}.Debug|Any CPU.Build.0 = Debug|Any CPU
		{5DB48FF7-B2F1-4EC5-8BD4-85E711884ACF}.Release|Any CPU.ActiveCfg = Release|Any CPU
		{5DB48FF7-B2F1-4EC5-8BD4-85E711884ACF}.Release|Any CPU.Build.0 = Release|Any CPU
		{97E64476-4F08-4A4C-81BF-557A5E5354A9}.Debug|Any CPU.ActiveCfg = Debug|Any CPU
		{97E64476-4F08-4A4C-81BF-557A5E5354A9}.Debug|Any CPU.Build.0 = Debug|Any CPU
		{97E64476-4F08-4A4C-81BF-557A5E5354A9}.Release|Any CPU.ActiveCfg = Release|Any CPU
		{97E64476-4F08-4A4C-81BF-557A5E5354A9}.Release|Any CPU.Build.0 = Release|Any CPU
	EndGlobalSection
	GlobalSection(SolutionProperties) = preSolution
		HideSolutionNode = FALSE
	EndGlobalSection
	GlobalSection(ExtensibilityGlobals) = postSolution
		SolutionGuid = {89ED7A1C-E07A-461B-A46D-04B98A8CD7A1}
	EndGlobalSection
EndGlobal
